// !$*UTF8*$!
{
	archiveVersion = 1;
	classes = {
	};
	objectVersion = 48;
	objects = {

/* Begin PBXBuildFile section */
		8D71909CD3984CB0997D5BD4 /* Pods_iMonoChat.framework in Frameworks */ = {isa = PBXBuildFile; fileRef = 5C747811A426EDCF09BB369D /* Pods_iMonoChat.framework */; };
		AC282D481F3C1F3D00E3CFD1 /* AuthService.swift in Sources */ = {isa = PBXBuildFile; fileRef = AC282D471F3C1F3D00E3CFD1 /* AuthService.swift */; };
		AC282D4A1F3C287500E3CFD1 /* RoundedButton.swift in Sources */ = {isa = PBXBuildFile; fileRef = AC282D491F3C287500E3CFD1 /* RoundedButton.swift */; };
		AC282D4C1F3C2F8B00E3CFD1 /* UserDataService.swift in Sources */ = {isa = PBXBuildFile; fileRef = AC282D4B1F3C2F8B00E3CFD1 /* UserDataService.swift */; };
		ACD0EB0F1F3C379B00CE6E0C /* AvatarPickerVC.swift in Sources */ = {isa = PBXBuildFile; fileRef = ACD0EB0E1F3C379B00CE6E0C /* AvatarPickerVC.swift */; };
		ACD0EB111F3C390600CE6E0C /* AvatarCell.swift in Sources */ = {isa = PBXBuildFile; fileRef = ACD0EB101F3C390600CE6E0C /* AvatarCell.swift */; };
		ACD0EB131F3CE92A00CE6E0C /* CircleImage.swift in Sources */ = {isa = PBXBuildFile; fileRef = ACD0EB121F3CE92A00CE6E0C /* CircleImage.swift */; };
		ACD0EB161F3D015800CE6E0C /* ProfileVC.swift in Sources */ = {isa = PBXBuildFile; fileRef = ACD0EB141F3D015800CE6E0C /* ProfileVC.swift */; };
		ACD0EB171F3D015800CE6E0C /* ProfileVC.xib in Resources */ = {isa = PBXBuildFile; fileRef = ACD0EB151F3D015800CE6E0C /* ProfileVC.xib */; };
		ACD0EB1A1F3D130D00CE6E0C /* MessageService.swift in Sources */ = {isa = PBXBuildFile; fileRef = ACD0EB191F3D130D00CE6E0C /* MessageService.swift */; };
		ACD0EB1C1F3D133E00CE6E0C /* Channel.swift in Sources */ = {isa = PBXBuildFile; fileRef = ACD0EB1B1F3D133E00CE6E0C /* Channel.swift */; };
		ACDE28971F3B95A30082A2F4 /* AppDelegate.swift in Sources */ = {isa = PBXBuildFile; fileRef = ACDE28961F3B95A30082A2F4 /* AppDelegate.swift */; };
		ACDE289C1F3B95A30082A2F4 /* Main.storyboard in Resources */ = {isa = PBXBuildFile; fileRef = ACDE289A1F3B95A30082A2F4 /* Main.storyboard */; };
		ACDE289E1F3B95A30082A2F4 /* Assets.xcassets in Resources */ = {isa = PBXBuildFile; fileRef = ACDE289D1F3B95A30082A2F4 /* Assets.xcassets */; };
		ACDE28A11F3B95A30082A2F4 /* LaunchScreen.storyboard in Resources */ = {isa = PBXBuildFile; fileRef = ACDE289F1F3B95A30082A2F4 /* LaunchScreen.storyboard */; };
		ACDE28AC1F3B9A970082A2F4 /* SWRevealViewController.m in Sources */ = {isa = PBXBuildFile; fileRef = ACDE28AA1F3B9A970082A2F4 /* SWRevealViewController.m */; };
		ACDE28B11F3B9E7B0082A2F4 /* ChatVC.swift in Sources */ = {isa = PBXBuildFile; fileRef = ACDE28B01F3B9E7B0082A2F4 /* ChatVC.swift */; };
		ACDE28B31F3B9E8B0082A2F4 /* ChannelVC.swift in Sources */ = {isa = PBXBuildFile; fileRef = ACDE28B21F3B9E8B0082A2F4 /* ChannelVC.swift */; };
		ACDE28B51F3BA3EB0082A2F4 /* GradientView.swift in Sources */ = {isa = PBXBuildFile; fileRef = ACDE28B41F3BA3EB0082A2F4 /* GradientView.swift */; };
		ACDE28B81F3BAD190082A2F4 /* Constants.swift in Sources */ = {isa = PBXBuildFile; fileRef = ACDE28B71F3BAD190082A2F4 /* Constants.swift */; };
		ACDE28BA1F3BB1370082A2F4 /* LoginVC.swift in Sources */ = {isa = PBXBuildFile; fileRef = ACDE28B91F3BB1370082A2F4 /* LoginVC.swift */; };
		ACDE28BC1F3BB5B40082A2F4 /* CreateAccountVC.swift in Sources */ = {isa = PBXBuildFile; fileRef = ACDE28BB1F3BB5B40082A2F4 /* CreateAccountVC.swift */; };
/* End PBXBuildFile section */

/* Begin PBXFileReference section */
		56441309E94B27CBF4203697 /* Pods-iMonoChat.debug.xcconfig */ = {isa = PBXFileReference; includeInIndex = 1; lastKnownFileType = text.xcconfig; name = "Pods-iMonoChat.debug.xcconfig"; path = "Pods/Target Support Files/Pods-iMonoChat/Pods-iMonoChat.debug.xcconfig"; sourceTree = "<group>"; };
		5C747811A426EDCF09BB369D /* Pods_iMonoChat.framework */ = {isa = PBXFileReference; explicitFileType = wrapper.framework; includeInIndex = 0; path = Pods_iMonoChat.framework; sourceTree = BUILT_PRODUCTS_DIR; };
		71C17A6ACE9A6265B306CC4C /* Pods-iMonoChat.release.xcconfig */ = {isa = PBXFileReference; includeInIndex = 1; lastKnownFileType = text.xcconfig; name = "Pods-iMonoChat.release.xcconfig"; path = "Pods/Target Support Files/Pods-iMonoChat/Pods-iMonoChat.release.xcconfig"; sourceTree = "<group>"; };
		AC282D471F3C1F3D00E3CFD1 /* AuthService.swift */ = {isa = PBXFileReference; lastKnownFileType = sourcecode.swift; path = AuthService.swift; sourceTree = "<group>"; };
		AC282D491F3C287500E3CFD1 /* RoundedButton.swift */ = {isa = PBXFileReference; lastKnownFileType = sourcecode.swift; path = RoundedButton.swift; sourceTree = "<group>"; };
		AC282D4B1F3C2F8B00E3CFD1 /* UserDataService.swift */ = {isa = PBXFileReference; lastKnownFileType = sourcecode.swift; path = UserDataService.swift; sourceTree = "<group>"; };
		ACD0EB0E1F3C379B00CE6E0C /* AvatarPickerVC.swift */ = {isa = PBXFileReference; lastKnownFileType = sourcecode.swift; path = AvatarPickerVC.swift; sourceTree = "<group>"; };
		ACD0EB101F3C390600CE6E0C /* AvatarCell.swift */ = {isa = PBXFileReference; lastKnownFileType = sourcecode.swift; path = AvatarCell.swift; sourceTree = "<group>"; };
		ACD0EB121F3CE92A00CE6E0C /* CircleImage.swift */ = {isa = PBXFileReference; lastKnownFileType = sourcecode.swift; path = CircleImage.swift; sourceTree = "<group>"; };
		ACD0EB141F3D015800CE6E0C /* ProfileVC.swift */ = {isa = PBXFileReference; lastKnownFileType = sourcecode.swift; path = ProfileVC.swift; sourceTree = "<group>"; };
		ACD0EB151F3D015800CE6E0C /* ProfileVC.xib */ = {isa = PBXFileReference; lastKnownFileType = file.xib; path = ProfileVC.xib; sourceTree = "<group>"; };
		ACD0EB191F3D130D00CE6E0C /* MessageService.swift */ = {isa = PBXFileReference; lastKnownFileType = sourcecode.swift; path = MessageService.swift; sourceTree = "<group>"; };
		ACD0EB1B1F3D133E00CE6E0C /* Channel.swift */ = {isa = PBXFileReference; lastKnownFileType = sourcecode.swift; path = Channel.swift; sourceTree = "<group>"; };
		ACDE28931F3B95A30082A2F4 /* iMonoChat.app */ = {isa = PBXFileReference; explicitFileType = wrapper.application; includeInIndex = 0; path = iMonoChat.app; sourceTree = BUILT_PRODUCTS_DIR; };
		ACDE28961F3B95A30082A2F4 /* AppDelegate.swift */ = {isa = PBXFileReference; lastKnownFileType = sourcecode.swift; path = AppDelegate.swift; sourceTree = "<group>"; };
		ACDE289B1F3B95A30082A2F4 /* Base */ = {isa = PBXFileReference; lastKnownFileType = file.storyboard; name = Base; path = Base.lproj/Main.storyboard; sourceTree = "<group>"; };
		ACDE289D1F3B95A30082A2F4 /* Assets.xcassets */ = {isa = PBXFileReference; lastKnownFileType = folder.assetcatalog; path = Assets.xcassets; sourceTree = "<group>"; };
		ACDE28A01F3B95A30082A2F4 /* Base */ = {isa = PBXFileReference; lastKnownFileType = file.storyboard; name = Base; path = Base.lproj/LaunchScreen.storyboard; sourceTree = "<group>"; };
		ACDE28A21F3B95A30082A2F4 /* Info.plist */ = {isa = PBXFileReference; lastKnownFileType = text.plist.xml; path = Info.plist; sourceTree = "<group>"; };
		ACDE28A91F3B9A960082A2F4 /* iMonoChat-Bridging-Header.h */ = {isa = PBXFileReference; lastKnownFileType = sourcecode.c.h; path = "iMonoChat-Bridging-Header.h"; sourceTree = "<group>"; };
		ACDE28AA1F3B9A970082A2F4 /* SWRevealViewController.m */ = {isa = PBXFileReference; fileEncoding = 4; lastKnownFileType = sourcecode.c.objc; name = SWRevealViewController.m; path = "../../../Downloads/Udemy - iOS 11 and Swift 4 - From Beginner to Paid Professional/06-networking-apis-rest-and-building-a-slack-clone/attached_files/054-intro-to-chat-app/Smack Assets/SWReveal/SWRevealViewController.m"; sourceTree = "<group>"; };
		ACDE28AB1F3B9A970082A2F4 /* SWRevealViewController.h */ = {isa = PBXFileReference; fileEncoding = 4; lastKnownFileType = sourcecode.c.h; name = SWRevealViewController.h; path = "../../../Downloads/Udemy - iOS 11 and Swift 4 - From Beginner to Paid Professional/06-networking-apis-rest-and-building-a-slack-clone/attached_files/054-intro-to-chat-app/Smack Assets/SWReveal/SWRevealViewController.h"; sourceTree = "<group>"; };
		ACDE28B01F3B9E7B0082A2F4 /* ChatVC.swift */ = {isa = PBXFileReference; lastKnownFileType = sourcecode.swift; path = ChatVC.swift; sourceTree = "<group>"; };
		ACDE28B21F3B9E8B0082A2F4 /* ChannelVC.swift */ = {isa = PBXFileReference; lastKnownFileType = sourcecode.swift; path = ChannelVC.swift; sourceTree = "<group>"; };
		ACDE28B41F3BA3EB0082A2F4 /* GradientView.swift */ = {isa = PBXFileReference; lastKnownFileType = sourcecode.swift; path = GradientView.swift; sourceTree = "<group>"; };
		ACDE28B71F3BAD190082A2F4 /* Constants.swift */ = {isa = PBXFileReference; lastKnownFileType = sourcecode.swift; path = Constants.swift; sourceTree = "<group>"; };
		ACDE28B91F3BB1370082A2F4 /* LoginVC.swift */ = {isa = PBXFileReference; lastKnownFileType = sourcecode.swift; path = LoginVC.swift; sourceTree = "<group>"; };
		ACDE28BB1F3BB5B40082A2F4 /* CreateAccountVC.swift */ = {isa = PBXFileReference; lastKnownFileType = sourcecode.swift; path = CreateAccountVC.swift; sourceTree = "<group>"; };
/* End PBXFileReference section */

/* Begin PBXFrameworksBuildPhase section */
		ACDE28901F3B95A30082A2F4 /* Frameworks */ = {
			isa = PBXFrameworksBuildPhase;
			buildActionMask = 2147483647;
			files = (
				8D71909CD3984CB0997D5BD4 /* Pods_iMonoChat.framework in Frameworks */,
			);
			runOnlyForDeploymentPostprocessing = 0;
		};
/* End PBXFrameworksBuildPhase section */

/* Begin PBXGroup section */
		69AA4C8323C2ECCB8F213783 /* Pods */ = {
			isa = PBXGroup;
			children = (
				56441309E94B27CBF4203697 /* Pods-iMonoChat.debug.xcconfig */,
				71C17A6ACE9A6265B306CC4C /* Pods-iMonoChat.release.xcconfig */,
			);
			name = Pods;
			sourceTree = "<group>";
		};
		AC282D461F3C1F2300E3CFD1 /* Services */ = {
			isa = PBXGroup;
			children = (
				AC282D471F3C1F3D00E3CFD1 /* AuthService.swift */,
				AC282D4B1F3C2F8B00E3CFD1 /* UserDataService.swift */,
				ACD0EB191F3D130D00CE6E0C /* MessageService.swift */,
			);
			path = Services;
			sourceTree = "<group>";
		};
		ACD0EB181F3D017A00CE6E0C /* XIBs */ = {
			isa = PBXGroup;
			children = (
				ACD0EB151F3D015800CE6E0C /* ProfileVC.xib */,
			);
			path = XIBs;
			sourceTree = "<group>";
		};
		ACDE288A1F3B95A30082A2F4 = {
			isa = PBXGroup;
			children = (
				ACDE28951F3B95A30082A2F4 /* iMonoChat */,
				ACDE28941F3B95A30082A2F4 /* Products */,
				69AA4C8323C2ECCB8F213783 /* Pods */,
				EDFFEA364C85FC332BE267B8 /* Frameworks */,
			);
			sourceTree = "<group>";
		};
		ACDE28941F3B95A30082A2F4 /* Products */ = {
			isa = PBXGroup;
			children = (
				ACDE28931F3B95A30082A2F4 /* iMonoChat.app */,
			);
			name = Products;
			sourceTree = "<group>";
		};
		ACDE28951F3B95A30082A2F4 /* iMonoChat */ = {
			isa = PBXGroup;
			children = (
				ACD0EB181F3D017A00CE6E0C /* XIBs */,
				AC282D461F3C1F2300E3CFD1 /* Services */,
				ACDE28B61F3BAD040082A2F4 /* Utilities */,
				ACDE28A81F3B9A800082A2F4 /* Supporting Files */,
				ACDE28AF1F3B9E580082A2F4 /* Model */,
				ACDE28AE1F3B9E510082A2F4 /* View */,
				ACDE28AD1F3B9E450082A2F4 /* Controlller */,
				ACDE28961F3B95A30082A2F4 /* AppDelegate.swift */,
				ACDE289A1F3B95A30082A2F4 /* Main.storyboard */,
				ACDE289D1F3B95A30082A2F4 /* Assets.xcassets */,
				ACDE289F1F3B95A30082A2F4 /* LaunchScreen.storyboard */,
				ACDE28A21F3B95A30082A2F4 /* Info.plist */,
			);
			path = iMonoChat;
			sourceTree = "<group>";
		};
		ACDE28A81F3B9A800082A2F4 /* Supporting Files */ = {
			isa = PBXGroup;
			children = (
				ACDE28AB1F3B9A970082A2F4 /* SWRevealViewController.h */,
				ACDE28AA1F3B9A970082A2F4 /* SWRevealViewController.m */,
				ACDE28A91F3B9A960082A2F4 /* iMonoChat-Bridging-Header.h */,
			);
			name = "Supporting Files";
			path = ..;
			sourceTree = "<group>";
		};
		ACDE28AD1F3B9E450082A2F4 /* Controlller */ = {
			isa = PBXGroup;
			children = (
				ACDE28B01F3B9E7B0082A2F4 /* ChatVC.swift */,
				ACDE28B21F3B9E8B0082A2F4 /* ChannelVC.swift */,
				ACDE28B91F3BB1370082A2F4 /* LoginVC.swift */,
				ACDE28BB1F3BB5B40082A2F4 /* CreateAccountVC.swift */,
				ACD0EB0E1F3C379B00CE6E0C /* AvatarPickerVC.swift */,
				ACD0EB141F3D015800CE6E0C /* ProfileVC.swift */,
			);
			path = Controlller;
			sourceTree = "<group>";
		};
		ACDE28AE1F3B9E510082A2F4 /* View */ = {
			isa = PBXGroup;
			children = (
				ACDE28B41F3BA3EB0082A2F4 /* GradientView.swift */,
				AC282D491F3C287500E3CFD1 /* RoundedButton.swift */,
				ACD0EB101F3C390600CE6E0C /* AvatarCell.swift */,
				ACD0EB121F3CE92A00CE6E0C /* CircleImage.swift */,
			);
			path = View;
			sourceTree = "<group>";
		};
		ACDE28AF1F3B9E580082A2F4 /* Model */ = {
			isa = PBXGroup;
			children = (
				ACD0EB1B1F3D133E00CE6E0C /* Channel.swift */,
			);
			path = Model;
			sourceTree = "<group>";
		};
		ACDE28B61F3BAD040082A2F4 /* Utilities */ = {
			isa = PBXGroup;
			children = (
				ACDE28B71F3BAD190082A2F4 /* Constants.swift */,
			);
			path = Utilities;
			sourceTree = "<group>";
		};
		EDFFEA364C85FC332BE267B8 /* Frameworks */ = {
			isa = PBXGroup;
			children = (
				5C747811A426EDCF09BB369D /* Pods_iMonoChat.framework */,
			);
			name = Frameworks;
			sourceTree = "<group>";
		};
/* End PBXGroup section */

/* Begin PBXNativeTarget section */
		ACDE28921F3B95A30082A2F4 /* iMonoChat */ = {
			isa = PBXNativeTarget;
			buildConfigurationList = ACDE28A51F3B95A30082A2F4 /* Build configuration list for PBXNativeTarget "iMonoChat" */;
			buildPhases = (
				4FED21AF70CC5108344A6DC9 /* [CP] Check Pods Manifest.lock */,
				ACDE288F1F3B95A30082A2F4 /* Sources */,
				ACDE28901F3B95A30082A2F4 /* Frameworks */,
				ACDE28911F3B95A30082A2F4 /* Resources */,
				1F0A54F72FC0B16EF2229E11 /* [CP] Embed Pods Frameworks */,
				6EF68FE52578568C92D3E513 /* [CP] Copy Pods Resources */,
			);
			buildRules = (
			);
			dependencies = (
			);
			name = iMonoChat;
			productName = iMonoChat;
			productReference = ACDE28931F3B95A30082A2F4 /* iMonoChat.app */;
			productType = "com.apple.product-type.application";
		};
/* End PBXNativeTarget section */

/* Begin PBXProject section */
		ACDE288B1F3B95A30082A2F4 /* Project object */ = {
			isa = PBXProject;
			attributes = {
				LastSwiftUpdateCheck = 0900;
				LastUpgradeCheck = 0900;
				ORGANIZATIONNAME = MrAliGorithm;
				TargetAttributes = {
					ACDE28921F3B95A30082A2F4 = {
						CreatedOnToolsVersion = 9.0;
						LastSwiftMigration = 0900;
					};
				};
			};
			buildConfigurationList = ACDE288E1F3B95A30082A2F4 /* Build configuration list for PBXProject "iMonoChat" */;
			compatibilityVersion = "Xcode 8.0";
			developmentRegion = en;
			hasScannedForEncodings = 0;
			knownRegions = (
				en,
				Base,
			);
			mainGroup = ACDE288A1F3B95A30082A2F4;
			productRefGroup = ACDE28941F3B95A30082A2F4 /* Products */;
			projectDirPath = "";
			projectRoot = "";
			targets = (
				ACDE28921F3B95A30082A2F4 /* iMonoChat */,
			);
		};
/* End PBXProject section */

/* Begin PBXResourcesBuildPhase section */
		ACDE28911F3B95A30082A2F4 /* Resources */ = {
			isa = PBXResourcesBuildPhase;
			buildActionMask = 2147483647;
			files = (
				ACD0EB171F3D015800CE6E0C /* ProfileVC.xib in Resources */,
				ACDE28A11F3B95A30082A2F4 /* LaunchScreen.storyboard in Resources */,
				ACDE289E1F3B95A30082A2F4 /* Assets.xcassets in Resources */,
				ACDE289C1F3B95A30082A2F4 /* Main.storyboard in Resources */,
			);
			runOnlyForDeploymentPostprocessing = 0;
		};
/* End PBXResourcesBuildPhase section */

/* Begin PBXShellScriptBuildPhase section */
		1F0A54F72FC0B16EF2229E11 /* [CP] Embed Pods Frameworks */ = {
			isa = PBXShellScriptBuildPhase;
			buildActionMask = 2147483647;
			files = (
			);
			inputPaths = (
			);
			name = "[CP] Embed Pods Frameworks";
			outputPaths = (
			);
			runOnlyForDeploymentPostprocessing = 0;
			shellPath = /bin/sh;
			shellScript = "\"${SRCROOT}/Pods/Target Support Files/Pods-iMonoChat/Pods-iMonoChat-frameworks.sh\"\n";
			showEnvVarsInLog = 0;
		};
		4FED21AF70CC5108344A6DC9 /* [CP] Check Pods Manifest.lock */ = {
			isa = PBXShellScriptBuildPhase;
			buildActionMask = 2147483647;
			files = (
			);
			inputPaths = (
			);
			name = "[CP] Check Pods Manifest.lock";
			outputPaths = (
			);
			runOnlyForDeploymentPostprocessing = 0;
			shellPath = /bin/sh;
			shellScript = "diff \"${PODS_PODFILE_DIR_PATH}/Podfile.lock\" \"${PODS_ROOT}/Manifest.lock\" > /dev/null\nif [ $? != 0 ] ; then\n    # print error to STDERR\n    echo \"error: The sandbox is not in sync with the Podfile.lock. Run 'pod install' or update your CocoaPods installation.\" >&2\n    exit 1\nfi\n";
			showEnvVarsInLog = 0;
		};
		6EF68FE52578568C92D3E513 /* [CP] Copy Pods Resources */ = {
			isa = PBXShellScriptBuildPhase;
			buildActionMask = 2147483647;
			files = (
			);
			inputPaths = (
			);
			name = "[CP] Copy Pods Resources";
			outputPaths = (
			);
			runOnlyForDeploymentPostprocessing = 0;
			shellPath = /bin/sh;
			shellScript = "\"${SRCROOT}/Pods/Target Support Files/Pods-iMonoChat/Pods-iMonoChat-resources.sh\"\n";
			showEnvVarsInLog = 0;
		};
/* End PBXShellScriptBuildPhase section */

/* Begin PBXSourcesBuildPhase section */
		ACDE288F1F3B95A30082A2F4 /* Sources */ = {
			isa = PBXSourcesBuildPhase;
			buildActionMask = 2147483647;
			files = (
				ACD0EB161F3D015800CE6E0C /* ProfileVC.swift in Sources */,
				ACDE28B31F3B9E8B0082A2F4 /* ChannelVC.swift in Sources */,
				ACD0EB0F1F3C379B00CE6E0C /* AvatarPickerVC.swift in Sources */,
				AC282D4A1F3C287500E3CFD1 /* RoundedButton.swift in Sources */,
				ACD0EB1C1F3D133E00CE6E0C /* Channel.swift in Sources */,
				ACD0EB131F3CE92A00CE6E0C /* CircleImage.swift in Sources */,
				ACD0EB1A1F3D130D00CE6E0C /* MessageService.swift in Sources */,
				ACDE28B11F3B9E7B0082A2F4 /* ChatVC.swift in Sources */,
				AC282D4C1F3C2F8B00E3CFD1 /* UserDataService.swift in Sources */,
				ACDE28BC1F3BB5B40082A2F4 /* CreateAccountVC.swift in Sources */,
				AC282D481F3C1F3D00E3CFD1 /* AuthService.swift in Sources */,
				ACDE28BA1F3BB1370082A2F4 /* LoginVC.swift in Sources */,
				ACDE28B51F3BA3EB0082A2F4 /* GradientView.swift in Sources */,
				ACD0EB111F3C390600CE6E0C /* AvatarCell.swift in Sources */,
				ACDE28971F3B95A30082A2F4 /* AppDelegate.swift in Sources */,
				ACDE28AC1F3B9A970082A2F4 /* SWRevealViewController.m in Sources */,
				ACDE28B81F3BAD190082A2F4 /* Constants.swift in Sources */,
			);
			runOnlyForDeploymentPostprocessing = 0;
		};
/* End PBXSourcesBuildPhase section */

/* Begin PBXVariantGroup section */
		ACDE289A1F3B95A30082A2F4 /* Main.storyboard */ = {
			isa = PBXVariantGroup;
			children = (
				ACDE289B1F3B95A30082A2F4 /* Base */,
			);
			name = Main.storyboard;
			sourceTree = "<group>";
		};
		ACDE289F1F3B95A30082A2F4 /* LaunchScreen.storyboard */ = {
			isa = PBXVariantGroup;
			children = (
				ACDE28A01F3B95A30082A2F4 /* Base */,
			);
			name = LaunchScreen.storyboard;
			sourceTree = "<group>";
		};
/* End PBXVariantGroup section */

/* Begin XCBuildConfiguration section */
		ACDE28A31F3B95A30082A2F4 /* Debug */ = {
			isa = XCBuildConfiguration;
			buildSettings = {
				ALWAYS_SEARCH_USER_PATHS = NO;
				CLANG_ANALYZER_NONNULL = YES;
				CLANG_ANALYZER_NUMBER_OBJECT_CONVERSION = YES_AGGRESSIVE;
				CLANG_CXX_LANGUAGE_STANDARD = "gnu++14";
				CLANG_CXX_LIBRARY = "libc++";
				CLANG_ENABLE_MODULES = YES;
				CLANG_ENABLE_OBJC_ARC = YES;
				CLANG_WARN_BLOCK_CAPTURE_AUTORELEASING = YES;
				CLANG_WARN_BOOL_CONVERSION = YES;
				CLANG_WARN_COMMA = YES;
				CLANG_WARN_CONSTANT_CONVERSION = YES;
				CLANG_WARN_DIRECT_OBJC_ISA_USAGE = YES_ERROR;
				CLANG_WARN_DOCUMENTATION_COMMENTS = YES;
				CLANG_WARN_EMPTY_BODY = YES;
				CLANG_WARN_ENUM_CONVERSION = YES;
				CLANG_WARN_INFINITE_RECURSION = YES;
				CLANG_WARN_INT_CONVERSION = YES;
				CLANG_WARN_OBJC_ROOT_CLASS = YES_ERROR;
				CLANG_WARN_RANGE_LOOP_ANALYSIS = YES;
				CLANG_WARN_STRICT_PROTOTYPES = YES;
				CLANG_WARN_SUSPICIOUS_MOVE = YES;
				CLANG_WARN_UNGUARDED_AVAILABILITY = YES_AGGRESSIVE;
				CLANG_WARN_UNREACHABLE_CODE = YES;
				CLANG_WARN__DUPLICATE_METHOD_MATCH = YES;
				CODE_SIGN_IDENTITY = "iPhone Developer";
				COPY_PHASE_STRIP = NO;
				DEBUG_INFORMATION_FORMAT = dwarf;
				ENABLE_STRICT_OBJC_MSGSEND = YES;
				ENABLE_TESTABILITY = YES;
				GCC_C_LANGUAGE_STANDARD = gnu11;
				GCC_DYNAMIC_NO_PIC = NO;
				GCC_NO_COMMON_BLOCKS = YES;
				GCC_OPTIMIZATION_LEVEL = 0;
				GCC_PREPROCESSOR_DEFINITIONS = (
					"DEBUG=1",
					"$(inherited)",
				);
				GCC_WARN_64_TO_32_BIT_CONVERSION = YES;
				GCC_WARN_ABOUT_RETURN_TYPE = YES_ERROR;
				GCC_WARN_UNDECLARED_SELECTOR = YES;
				GCC_WARN_UNINITIALIZED_AUTOS = YES_AGGRESSIVE;
				GCC_WARN_UNUSED_FUNCTION = YES;
				GCC_WARN_UNUSED_VARIABLE = YES;
				IPHONEOS_DEPLOYMENT_TARGET = 11.0;
				MTL_ENABLE_DEBUG_INFO = YES;
				ONLY_ACTIVE_ARCH = YES;
				SDKROOT = iphoneos;
				SWIFT_ACTIVE_COMPILATION_CONDITIONS = DEBUG;
				SWIFT_OPTIMIZATION_LEVEL = "-Onone";
			};
			name = Debug;
		};
		ACDE28A41F3B95A30082A2F4 /* Release */ = {
			isa = XCBuildConfiguration;
			buildSettings = {
				ALWAYS_SEARCH_USER_PATHS = NO;
				CLANG_ANALYZER_NONNULL = YES;
				CLANG_ANALYZER_NUMBER_OBJECT_CONVERSION = YES_AGGRESSIVE;
				CLANG_CXX_LANGUAGE_STANDARD = "gnu++14";
				CLANG_CXX_LIBRARY = "libc++";
				CLANG_ENABLE_MODULES = YES;
				CLANG_ENABLE_OBJC_ARC = YES;
				CLANG_WARN_BLOCK_CAPTURE_AUTORELEASING = YES;
				CLANG_WARN_BOOL_CONVERSION = YES;
				CLANG_WARN_COMMA = YES;
				CLANG_WARN_CONSTANT_CONVERSION = YES;
				CLANG_WARN_DIRECT_OBJC_ISA_USAGE = YES_ERROR;
				CLANG_WARN_DOCUMENTATION_COMMENTS = YES;
				CLANG_WARN_EMPTY_BODY = YES;
				CLANG_WARN_ENUM_CONVERSION = YES;
				CLANG_WARN_INFINITE_RECURSION = YES;
				CLANG_WARN_INT_CONVERSION = YES;
				CLANG_WARN_OBJC_ROOT_CLASS = YES_ERROR;
				CLANG_WARN_RANGE_LOOP_ANALYSIS = YES;
				CLANG_WARN_STRICT_PROTOTYPES = YES;
				CLANG_WARN_SUSPICIOUS_MOVE = YES;
				CLANG_WARN_UNGUARDED_AVAILABILITY = YES_AGGRESSIVE;
				CLANG_WARN_UNREACHABLE_CODE = YES;
				CLANG_WARN__DUPLICATE_METHOD_MATCH = YES;
				CODE_SIGN_IDENTITY = "iPhone Developer";
				COPY_PHASE_STRIP = NO;
				DEBUG_INFORMATION_FORMAT = "dwarf-with-dsym";
				ENABLE_NS_ASSERTIONS = NO;
				ENABLE_STRICT_OBJC_MSGSEND = YES;
				GCC_C_LANGUAGE_STANDARD = gnu11;
				GCC_NO_COMMON_BLOCKS = YES;
				GCC_WARN_64_TO_32_BIT_CONVERSION = YES;
				GCC_WARN_ABOUT_RETURN_TYPE = YES_ERROR;
				GCC_WARN_UNDECLARED_SELECTOR = YES;
				GCC_WARN_UNINITIALIZED_AUTOS = YES_AGGRESSIVE;
				GCC_WARN_UNUSED_FUNCTION = YES;
				GCC_WARN_UNUSED_VARIABLE = YES;
				IPHONEOS_DEPLOYMENT_TARGET = 11.0;
				MTL_ENABLE_DEBUG_INFO = NO;
				SDKROOT = iphoneos;
				SWIFT_OPTIMIZATION_LEVEL = "-Owholemodule";
				VALIDATE_PRODUCT = YES;
			};
			name = Release;
		};
		ACDE28A61F3B95A30082A2F4 /* Debug */ = {
			isa = XCBuildConfiguration;
			baseConfigurationReference = 56441309E94B27CBF4203697 /* Pods-iMonoChat.debug.xcconfig */;
			buildSettings = {
				ASSETCATALOG_COMPILER_APPICON_NAME = AppIcon;
				CLANG_ENABLE_MODULES = YES;
				DEVELOPMENT_TEAM = U3FSDK5XFF;
				INFOPLIST_FILE = iMonoChat/Info.plist;
				LD_RUNPATH_SEARCH_PATHS = "$(inherited) @executable_path/Frameworks";
				PRODUCT_BUNDLE_IDENTIFIER = com.app.iMonoChat;
				PRODUCT_NAME = "$(TARGET_NAME)";
				SWIFT_OBJC_BRIDGING_HEADER = "iMonoChat-Bridging-Header.h";
				SWIFT_OPTIMIZATION_LEVEL = "-Onone";
				SWIFT_VERSION = 4.0;
				TARGETED_DEVICE_FAMILY = "1,2";
			};
			name = Debug;
		};
		ACDE28A71F3B95A30082A2F4 /* Release */ = {
			isa = XCBuildConfiguration;
			baseConfigurationReference = 71C17A6ACE9A6265B306CC4C /* Pods-iMonoChat.release.xcconfig */;
			buildSettings = {
				ASSETCATALOG_COMPILER_APPICON_NAME = AppIcon;
				CLANG_ENABLE_MODULES = YES;
				DEVELOPMENT_TEAM = U3FSDK5XFF;
				INFOPLIST_FILE = iMonoChat/Info.plist;
				LD_RUNPATH_SEARCH_PATHS = "$(inherited) @executable_path/Frameworks";
				PRODUCT_BUNDLE_IDENTIFIER = com.app.iMonoChat;
				PRODUCT_NAME = "$(TARGET_NAME)";
				SWIFT_OBJC_BRIDGING_HEADER = "iMonoChat-Bridging-Header.h";
				SWIFT_VERSION = 4.0;
				TARGETED_DEVICE_FAMILY = "1,2";
			};
			name = Release;
		};
/* End XCBuildConfiguration section */

/* Begin XCConfigurationList section */
		ACDE288E1F3B95A30082A2F4 /* Build configuration list for PBXProject "iMonoChat" */ = {
			isa = XCConfigurationList;
			buildConfigurations = (
				ACDE28A31F3B95A30082A2F4 /* Debug */,
				ACDE28A41F3B95A30082A2F4 /* Release */,
			);
			defaultConfigurationIsVisible = 0;
			defaultConfigurationName = Release;
		};
		ACDE28A51F3B95A30082A2F4 /* Build configuration list for PBXNativeTarget "iMonoChat" */ = {
			isa = XCConfigurationList;
			buildConfigurations = (
				ACDE28A61F3B95A30082A2F4 /* Debug */,
				ACDE28A71F3B95A30082A2F4 /* Release */,
			);
			defaultConfigurationIsVisible = 0;
			defaultConfigurationName = Release;
		};
/* End XCConfigurationList section */
	};
	rootObject = ACDE288B1F3B95A30082A2F4 /* Project object */;
}
