// !$*UTF8*$!
{
	archiveVersion = 1;
	classes = {
	};
	objectVersion = 48;
	objects = {

/* Begin PBXBuildFile section */
		ACDE28971F3B95A30082A2F4 /* AppDelegate.swift in Sources */ = {isa = PBXBuildFile; fileRef = ACDE28961F3B95A30082A2F4 /* AppDelegate.swift */; };
		ACDE28991F3B95A30082A2F4 /* ViewController.swift in Sources */ = {isa = PBXBuildFile; fileRef = ACDE28981F3B95A30082A2F4 /* ViewController.swift */; };
		ACDE289C1F3B95A30082A2F4 /* Main.storyboard in Resources */ = {isa = PBXBuildFile; fileRef = ACDE289A1F3B95A30082A2F4 /* Main.storyboard */; };
		ACDE289E1F3B95A30082A2F4 /* Assets.xcassets in Resources */ = {isa = PBXBuildFile; fileRef = ACDE289D1F3B95A30082A2F4 /* Assets.xcassets */; };
		ACDE28A11F3B95A30082A2F4 /* LaunchScreen.storyboard in Resources */ = {isa = PBXBuildFile; fileRef = ACDE289F1F3B95A30082A2F4 /* LaunchScreen.storyboard */; };
/* End PBXBuildFile section */

/* Begin PBXFileReference section */
		ACDE28931F3B95A30082A2F4 /* iMonoChat.app */ = {isa = PBXFileReference; explicitFileType = wrapper.application; includeInIndex = 0; path = iMonoChat.app; sourceTree = BUILT_PRODUCTS_DIR; };
		ACDE28961F3B95A30082A2F4 /* AppDelegate.swift */ = {isa = PBXFileReference; lastKnownFileType = sourcecode.swift; path = AppDelegate.swift; sourceTree = "<group>"; };
		ACDE28981F3B95A30082A2F4 /* ViewController.swift */ = {isa = PBXFileReference; lastKnownFileType = sourcecode.swift; path = ViewController.swift; sourceTree = "<group>"; };
		ACDE289B1F3B95A30082A2F4 /* Base */ = {isa = PBXFileReference; lastKnownFileType = file.storyboard; name = Base; path = Base.lproj/Main.storyboard; sourceTree = "<group>"; };
		ACDE289D1F3B95A30082A2F4 /* Assets.xcassets */ = {isa = PBXFileReference; lastKnownFileType = folder.assetcatalog; path = Assets.xcassets; sourceTree = "<group>"; };
		ACDE28A01F3B95A30082A2F4 /* Base */ = {isa = PBXFileReference; lastKnownFileType = file.storyboard; name = Base; path = Base.lproj/LaunchScreen.storyboard; sourceTree = "<group>"; };
		ACDE28A21F3B95A30082A2F4 /* Info.plist */ = {isa = PBXFileReference; lastKnownFileType = text.plist.xml; path = Info.plist; sourceTree = "<group>"; };
/* End PBXFileReference section */

/* Begin PBXFrameworksBuildPhase section */
		ACDE28901F3B95A30082A2F4 /* Frameworks */ = {
			isa = PBXFrameworksBuildPhase;
			buildActionMask = 2147483647;
			files = (
			);
			runOnlyForDeploymentPostprocessing = 0;
		};
/* End PBXFrameworksBuildPhase section */

/* Begin PBXGroup section */
		ACDE288A1F3B95A30082A2F4 = {
			isa = PBXGroup;
			children = (
				ACDE28951F3B95A30082A2F4 /* iMonoChat */,
				ACDE28941F3B95A30082A2F4 /* Products */,
			);
			sourceTree = "<group>";
		};
		ACDE28941F3B95A30082A2F4 /* Products */ = {
			isa = PBXGroup;
			children = (
				ACDE28931F3B95A30082A2F4 /* iMonoChat.app */,
			);
			name = Products;
			sourceTree = "<group>";
		};
		ACDE28951F3B95A30082A2F4 /* iMonoChat */ = {
			isa = PBXGroup;
			children = (
				ACDE28961F3B95A30082A2F4 /* AppDelegate.swift */,
				ACDE28981F3B95A30082A2F4 /* ViewController.swift */,
				ACDE289A1F3B95A30082A2F4 /* Main.storyboard */,
				ACDE289D1F3B95A30082A2F4 /* Assets.xcassets */,
				ACDE289F1F3B95A30082A2F4 /* LaunchScreen.storyboard */,
				ACDE28A21F3B95A30082A2F4 /* Info.plist */,
			);
			path = iMonoChat;
			sourceTree = "<group>";
		};
/* End PBXGroup section */

/* Begin PBXNativeTarget section */
		ACDE28921F3B95A30082A2F4 /* iMonoChat */ = {
			isa = PBXNativeTarget;
			buildConfigurationList = ACDE28A51F3B95A30082A2F4 /* Build configuration list for PBXNativeTarget "iMonoChat" */;
			buildPhases = (
				ACDE288F1F3B95A30082A2F4 /* Sources */,
				ACDE28901F3B95A30082A2F4 /* Frameworks */,
				ACDE28911F3B95A30082A2F4 /* Resources */,
			);
			buildRules = (
			);
			dependencies = (
			);
			name = iMonoChat;
			productName = iMonoChat;
			productReference = ACDE28931F3B95A30082A2F4 /* iMonoChat.app */;
			productType = "com.apple.product-type.application";
		};
/* End PBXNativeTarget section */

/* Begin PBXProject section */
		ACDE288B1F3B95A30082A2F4 /* Project object */ = {
			isa = PBXProject;
			attributes = {
				LastSwiftUpdateCheck = 0900;
				LastUpgradeCheck = 0900;
				ORGANIZATIONNAME = MrAliGorithm;
				TargetAttributes = {
					ACDE28921F3B95A30082A2F4 = {
						CreatedOnToolsVersion = 9.0;
					};
				};
			};
			buildConfigurationList = ACDE288E1F3B95A30082A2F4 /* Build configuration list for PBXProject "iMonoChat" */;
			compatibilityVersion = "Xcode 8.0";
			developmentRegion = en;
			hasScannedForEncodings = 0;
			knownRegions = (
				en,
				Base,
			);
			mainGroup = ACDE288A1F3B95A30082A2F4;
			productRefGroup = ACDE28941F3B95A30082A2F4 /* Products */;
			projectDirPath = "";
			projectRoot = "";
			targets = (
				ACDE28921F3B95A30082A2F4 /* iMonoChat */,
			);
		};
/* End PBXProject section */

/* Begin PBXResourcesBuildPhase section */
		ACDE28911F3B95A30082A2F4 /* Resources */ = {
			isa = PBXResourcesBuildPhase;
			buildActionMask = 2147483647;
			files = (
				ACDE28A11F3B95A30082A2F4 /* LaunchScreen.storyboard in Resources */,
				ACDE289E1F3B95A30082A2F4 /* Assets.xcassets in Resources */,
				ACDE289C1F3B95A30082A2F4 /* Main.storyboard in Resources */,
			);
			runOnlyForDeploymentPostprocessing = 0;
		};
/* End PBXResourcesBuildPhase section */

/* Begin PBXSourcesBuildPhase section */
		ACDE288F1F3B95A30082A2F4 /* Sources */ = {
			isa = PBXSourcesBuildPhase;
			buildActionMask = 2147483647;
			files = (
				ACDE28991F3B95A30082A2F4 /* ViewController.swift in Sources */,
				ACDE28971F3B95A30082A2F4 /* AppDelegate.swift in Sources */,
			);
			runOnlyForDeploymentPostprocessing = 0;
		};
/* End PBXSourcesBuildPhase section */

/* Begin PBXVariantGroup section */
		ACDE289A1F3B95A30082A2F4 /* Main.storyboard */ = {
			isa = PBXVariantGroup;
			children = (
				ACDE289B1F3B95A30082A2F4 /* Base */,
			);
			name = Main.storyboard;
			sourceTree = "<group>";
		};
		ACDE289F1F3B95A30082A2F4 /* LaunchScreen.storyboard */ = {
			isa = PBXVariantGroup;
			children = (
				ACDE28A01F3B95A30082A2F4 /* Base */,
			);
			name = LaunchScreen.storyboard;
			sourceTree = "<group>";
		};
/* End PBXVariantGroup section */

/* Begin XCBuildConfiguration section */
		ACDE28A31F3B95A30082A2F4 /* Debug */ = {
			isa = XCBuildConfiguration;
			buildSettings = {
				ALWAYS_SEARCH_USER_PATHS = NO;
				CLANG_ANALYZER_NONNULL = YES;
				CLANG_ANALYZER_NUMBER_OBJECT_CONVERSION = YES_AGGRESSIVE;
				CLANG_CXX_LANGUAGE_STANDARD = "gnu++14";
				CLANG_CXX_LIBRARY = "libc++";
				CLANG_ENABLE_MODULES = YES;
				CLANG_ENABLE_OBJC_ARC = YES;
				CLANG_WARN_BLOCK_CAPTURE_AUTORELEASING = YES;
				CLANG_WARN_BOOL_CONVERSION = YES;
				CLANG_WARN_COMMA = YES;
				CLANG_WARN_CONSTANT_CONVERSION = YES;
				CLANG_WARN_DIRECT_OBJC_ISA_USAGE = YES_ERROR;
				CLANG_WARN_DOCUMENTATION_COMMENTS = YES;
				CLANG_WARN_EMPTY_BODY = YES;
				CLANG_WARN_ENUM_CONVERSION = YES;
				CLANG_WARN_INFINITE_RECURSION = YES;
				CLANG_WARN_INT_CONVERSION = YES;
				CLANG_WARN_OBJC_ROOT_CLASS = YES_ERROR;
				CLANG_WARN_RANGE_LOOP_ANALYSIS = YES;
				CLANG_WARN_STRICT_PROTOTYPES = YES;
				CLANG_WARN_SUSPICIOUS_MOVE = YES;
				CLANG_WARN_UNGUARDED_AVAILABILITY = YES_AGGRESSIVE;
				CLANG_WARN_UNREACHABLE_CODE = YES;
				CLANG_WARN__DUPLICATE_METHOD_MATCH = YES;
				CODE_SIGN_IDENTITY = "iPhone Developer";
				COPY_PHASE_STRIP = NO;
				DEBUG_INFORMATION_FORMAT = dwarf;
				ENABLE_STRICT_OBJC_MSGSEND = YES;
				ENABLE_TESTABILITY = YES;
				GCC_C_LANGUAGE_STANDARD = gnu11;
				GCC_DYNAMIC_NO_PIC = NO;
				GCC_NO_COMMON_BLOCKS = YES;
				GCC_OPTIMIZATION_LEVEL = 0;
				GCC_PREPROCESSOR_DEFINITIONS = (
					"DEBUG=1",
					"$(inherited)",
				);
				GCC_WARN_64_TO_32_BIT_CONVERSION = YES;
				GCC_WARN_ABOUT_RETURN_TYPE = YES_ERROR;
				GCC_WARN_UNDECLARED_SELECTOR = YES;
				GCC_WARN_UNINITIALIZED_AUTOS = YES_AGGRESSIVE;
				GCC_WARN_UNUSED_FUNCTION = YES;
				GCC_WARN_UNUSED_VARIABLE = YES;
				IPHONEOS_DEPLOYMENT_TARGET = 11.0;
				MTL_ENABLE_DEBUG_INFO = YES;
				ONLY_ACTIVE_ARCH = YES;
				SDKROOT = iphoneos;
				SWIFT_ACTIVE_COMPILATION_CONDITIONS = DEBUG;
				SWIFT_OPTIMIZATION_LEVEL = "-Onone";
			};
			name = Debug;
		};
		ACDE28A41F3B95A30082A2F4 /* Release */ = {
			isa = XCBuildConfiguration;
			buildSettings = {
				ALWAYS_SEARCH_USER_PATHS = NO;
				CLANG_ANALYZER_NONNULL = YES;
				CLANG_ANALYZER_NUMBER_OBJECT_CONVERSION = YES_AGGRESSIVE;
				CLANG_CXX_LANGUAGE_STANDARD = "gnu++14";
				CLANG_CXX_LIBRARY = "libc++";
				CLANG_ENABLE_MODULES = YES;
				CLANG_ENABLE_OBJC_ARC = YES;
				CLANG_WARN_BLOCK_CAPTURE_AUTORELEASING = YES;
				CLANG_WARN_BOOL_CONVERSION = YES;
				CLANG_WARN_COMMA = YES;
				CLANG_WARN_CONSTANT_CONVERSION = YES;
				CLANG_WARN_DIRECT_OBJC_ISA_USAGE = YES_ERROR;
				CLANG_WARN_DOCUMENTATION_COMMENTS = YES;
				CLANG_WARN_EMPTY_BODY = YES;
				CLANG_WARN_ENUM_CONVERSION = YES;
				CLANG_WARN_INFINITE_RECURSION = YES;
				CLANG_WARN_INT_CONVERSION = YES;
				CLANG_WARN_OBJC_ROOT_CLASS = YES_ERROR;
				CLANG_WARN_RANGE_LOOP_ANALYSIS = YES;
				CLANG_WARN_STRICT_PROTOTYPES = YES;
				CLANG_WARN_SUSPICIOUS_MOVE = YES;
				CLANG_WARN_UNGUARDED_AVAILABILITY = YES_AGGRESSIVE;
				CLANG_WARN_UNREACHABLE_CODE = YES;
				CLANG_WARN__DUPLICATE_METHOD_MATCH = YES;
				CODE_SIGN_IDENTITY = "iPhone Developer";
				COPY_PHASE_STRIP = NO;
				DEBUG_INFORMATION_FORMAT = "dwarf-with-dsym";
				ENABLE_NS_ASSERTIONS = NO;
				ENABLE_STRICT_OBJC_MSGSEND = YES;
				GCC_C_LANGUAGE_STANDARD = gnu11;
				GCC_NO_COMMON_BLOCKS = YES;
				GCC_WARN_64_TO_32_BIT_CONVERSION = YES;
				GCC_WARN_ABOUT_RETURN_TYPE = YES_ERROR;
				GCC_WARN_UNDECLARED_SELECTOR = YES;
				GCC_WARN_UNINITIALIZED_AUTOS = YES_AGGRESSIVE;
				GCC_WARN_UNUSED_FUNCTION = YES;
				GCC_WARN_UNUSED_VARIABLE = YES;
				IPHONEOS_DEPLOYMENT_TARGET = 11.0;
				MTL_ENABLE_DEBUG_INFO = NO;
				SDKROOT = iphoneos;
				SWIFT_OPTIMIZATION_LEVEL = "-Owholemodule";
				VALIDATE_PRODUCT = YES;
			};
			name = Release;
		};
		ACDE28A61F3B95A30082A2F4 /* Debug */ = {
			isa = XCBuildConfiguration;
			buildSettings = {
				ASSETCATALOG_COMPILER_APPICON_NAME = AppIcon;
				DEVELOPMENT_TEAM = U3FSDK5XFF;
				INFOPLIST_FILE = iMonoChat/Info.plist;
				LD_RUNPATH_SEARCH_PATHS = "$(inherited) @executable_path/Frameworks";
				PRODUCT_BUNDLE_IDENTIFIER = com.app.iMonoChat;
				PRODUCT_NAME = "$(TARGET_NAME)";
				SWIFT_VERSION = 4.0;
				TARGETED_DEVICE_FAMILY = "1,2";
			};
			name = Debug;
		};
		ACDE28A71F3B95A30082A2F4 /* Release */ = {
			isa = XCBuildConfiguration;
			buildSettings = {
				ASSETCATALOG_COMPILER_APPICON_NAME = AppIcon;
				DEVELOPMENT_TEAM = U3FSDK5XFF;
				INFOPLIST_FILE = iMonoChat/Info.plist;
				LD_RUNPATH_SEARCH_PATHS = "$(inherited) @executable_path/Frameworks";
				PRODUCT_BUNDLE_IDENTIFIER = com.app.iMonoChat;
				PRODUCT_NAME = "$(TARGET_NAME)";
				SWIFT_VERSION = 4.0;
				TARGETED_DEVICE_FAMILY = "1,2";
			};
			name = Release;
		};
/* End XCBuildConfiguration section */

/* Begin XCConfigurationList section */
		ACDE288E1F3B95A30082A2F4 /* Build configuration list for PBXProject "iMonoChat" */ = {
			isa = XCConfigurationList;
			buildConfigurations = (
				ACDE28A31F3B95A30082A2F4 /* Debug */,
				ACDE28A41F3B95A30082A2F4 /* Release */,
			);
			defaultConfigurationIsVisible = 0;
			defaultConfigurationName = Release;
		};
		ACDE28A51F3B95A30082A2F4 /* Build configuration list for PBXNativeTarget "iMonoChat" */ = {
			isa = XCConfigurationList;
			buildConfigurations = (
				ACDE28A61F3B95A30082A2F4 /* Debug */,
				ACDE28A71F3B95A30082A2F4 /* Release */,
			);
			defaultConfigurationIsVisible = 0;
		};
/* End XCConfigurationList section */
	};
	rootObject = ACDE288B1F3B95A30082A2F4 /* Project object */;
}
